
Microsoft Visual Studio Solution File, Format Version 12.00
# Visual Studio Version 16
VisualStudioVersion = 16.0.29001.49
MinimumVisualStudioVersion = 10.0.40219.1
Project("{FAE04EC0-301F-11D3-BF4B-00C04F79EFBC}") = "KURSAK", "KURSAK\KURSAK.csproj", "{CF8A8540-975E-4905-85FF-17223EC91687}"
EndProject
Global
	GlobalSection(SolutionConfigurationPlatforms) = preSolution
		Debug|Any CPU = Debug|Any CPU
		Release|Any CPU = Release|Any CPU
	EndGlobalSection
	GlobalSection(ProjectConfigurationPlatforms) = postSolution
		{CF8A8540-975E-4905-85FF-17223EC91687}.Debug|Any CPU.ActiveCfg = Debug|Any CPU
		{CF8A8540-975E-4905-85FF-17223EC91687}.Debug|Any CPU.Build.0 = Debug|Any CPU
		{CF8A8540-975E-4905-85FF-17223EC91687}.Release|Any CPU.ActiveCfg = Release|Any CPU
		{CF8A8540-975E-4905-85FF-17223EC91687}.Release|Any CPU.Build.0 = Release|Any CPU
	EndGlobalSection
	GlobalSection(SolutionProperties) = preSolution
		HideSolutionNode = FALSE
	EndGlobalSection
	GlobalSection(ExtensibilityGlobals) = postSolution
		SolutionGuid = {3EDDFECB-96A0-4B52-B3D3-145EFEAA3BE0}
	EndGlobalSection
EndGlobal
